// !$*UTF8*$!
{
	archiveVersion = 1;
	classes = {
	};
	objectVersion = 46;
	objects = {

/* Begin PBXBuildFile section */
		9A1BA7B4198F636500D74012 /* AppDelegate.swift in Sources */ = {isa = PBXBuildFile; fileRef = 9A1BA7B3198F636500D74012 /* AppDelegate.swift */; };
		9A1BA7B6198F636500D74012 /* ViewController.swift in Sources */ = {isa = PBXBuildFile; fileRef = 9A1BA7B5198F636500D74012 /* ViewController.swift */; };
		9A1BA7B9198F636500D74012 /* Main.storyboard in Resources */ = {isa = PBXBuildFile; fileRef = 9A1BA7B7198F636500D74012 /* Main.storyboard */; };
		9A1BA7BB198F636500D74012 /* Images.xcassets in Resources */ = {isa = PBXBuildFile; fileRef = 9A1BA7BA198F636500D74012 /* Images.xcassets */; };
		9A1BA7C7198F636500D74012 /* SecondTrySwiftTests.swift in Sources */ = {isa = PBXBuildFile; fileRef = 9A1BA7C6198F636500D74012 /* SecondTrySwiftTests.swift */; };
/* End PBXBuildFile section */

/* Begin PBXContainerItemProxy section */
		9A1BA7C1198F636500D74012 /* PBXContainerItemProxy */ = {
			isa = PBXContainerItemProxy;
			containerPortal = 9A1BA7A6198F636400D74012 /* Project object */;
			proxyType = 1;
			remoteGlobalIDString = 9A1BA7AD198F636400D74012;
			remoteInfo = SecondTrySwift;
		};
/* End PBXContainerItemProxy section */

/* Begin PBXFileReference section */
		9A1BA7AE198F636400D74012 /* SecondTrySwift.app */ = {isa = PBXFileReference; explicitFileType = wrapper.application; includeInIndex = 0; path = SecondTrySwift.app; sourceTree = BUILT_PRODUCTS_DIR; };
		9A1BA7B2198F636500D74012 /* Info.plist */ = {isa = PBXFileReference; lastKnownFileType = text.plist.xml; path = Info.plist; sourceTree = "<group>"; };
		9A1BA7B3198F636500D74012 /* AppDelegate.swift */ = {isa = PBXFileReference; lastKnownFileType = sourcecode.swift; path = AppDelegate.swift; sourceTree = "<group>"; };
		9A1BA7B5198F636500D74012 /* ViewController.swift */ = {isa = PBXFileReference; lastKnownFileType = sourcecode.swift; path = ViewController.swift; sourceTree = "<group>"; };
		9A1BA7B8198F636500D74012 /* Base */ = {isa = PBXFileReference; lastKnownFileType = file.storyboard; name = Base; path = Base.lproj/Main.storyboard; sourceTree = "<group>"; };
		9A1BA7BA198F636500D74012 /* Images.xcassets */ = {isa = PBXFileReference; lastKnownFileType = folder.assetcatalog; path = Images.xcassets; sourceTree = "<group>"; };
		9A1BA7C0198F636500D74012 /* SecondTrySwiftTests.xctest */ = {isa = PBXFileReference; explicitFileType = wrapper.cfbundle; includeInIndex = 0; path = SecondTrySwiftTests.xctest; sourceTree = BUILT_PRODUCTS_DIR; };
		9A1BA7C5198F636500D74012 /* Info.plist */ = {isa = PBXFileReference; lastKnownFileType = text.plist.xml; path = Info.plist; sourceTree = "<group>"; };
		9A1BA7C6198F636500D74012 /* SecondTrySwiftTests.swift */ = {isa = PBXFileReference; lastKnownFileType = sourcecode.swift; path = SecondTrySwiftTests.swift; sourceTree = "<group>"; };
/* End PBXFileReference section */

/* Begin PBXFrameworksBuildPhase section */
		9A1BA7AB198F636400D74012 /* Frameworks */ = {
			isa = PBXFrameworksBuildPhase;
			buildActionMask = 2147483647;
			files = (
			);
			runOnlyForDeploymentPostprocessing = 0;
		};
		9A1BA7BD198F636500D74012 /* Frameworks */ = {
			isa = PBXFrameworksBuildPhase;
			buildActionMask = 2147483647;
			files = (
			);
			runOnlyForDeploymentPostprocessing = 0;
		};
/* End PBXFrameworksBuildPhase section */

/* Begin PBXGroup section */
		9A1BA7A5198F636400D74012 = {
			isa = PBXGroup;
			children = (
				9A1BA7B0198F636400D74012 /* SecondTrySwift */,
				9A1BA7C3198F636500D74012 /* SecondTrySwiftTests */,
				9A1BA7AF198F636400D74012 /* Products */,
			);
			sourceTree = "<group>";
		};
		9A1BA7AF198F636400D74012 /* Products */ = {
			isa = PBXGroup;
			children = (
				9A1BA7AE198F636400D74012 /* SecondTrySwift.app */,
				9A1BA7C0198F636500D74012 /* SecondTrySwiftTests.xctest */,
			);
			name = Products;
			sourceTree = "<group>";
		};
		9A1BA7B0198F636400D74012 /* SecondTrySwift */ = {
			isa = PBXGroup;
			children = (
				9A1BA7B3198F636500D74012 /* AppDelegate.swift */,
				9A1BA7B5198F636500D74012 /* ViewController.swift */,
				9A1BA7B7198F636500D74012 /* Main.storyboard */,
				9A1BA7BA198F636500D74012 /* Images.xcassets */,
				9A1BA7B1198F636400D74012 /* Supporting Files */,
			);
			path = SecondTrySwift;
			sourceTree = "<group>";
		};
		9A1BA7B1198F636400D74012 /* Supporting Files */ = {
			isa = PBXGroup;
			children = (
				9A1BA7B2198F636500D74012 /* Info.plist */,
			);
			name = "Supporting Files";
			sourceTree = "<group>";
		};
		9A1BA7C3198F636500D74012 /* SecondTrySwiftTests */ = {
			isa = PBXGroup;
			children = (
				9A1BA7C6198F636500D74012 /* SecondTrySwiftTests.swift */,
				9A1BA7C4198F636500D74012 /* Supporting Files */,
			);
			path = SecondTrySwiftTests;
			sourceTree = "<group>";
		};
		9A1BA7C4198F636500D74012 /* Supporting Files */ = {
			isa = PBXGroup;
			children = (
				9A1BA7C5198F636500D74012 /* Info.plist */,
			);
			name = "Supporting Files";
			sourceTree = "<group>";
		};
/* End PBXGroup section */

/* Begin PBXNativeTarget section */
		9A1BA7AD198F636400D74012 /* SecondTrySwift */ = {
			isa = PBXNativeTarget;
			buildConfigurationList = 9A1BA7CA198F636500D74012 /* Build configuration list for PBXNativeTarget "SecondTrySwift" */;
			buildPhases = (
				9A1BA7AA198F636400D74012 /* Sources */,
				9A1BA7AB198F636400D74012 /* Frameworks */,
				9A1BA7AC198F636400D74012 /* Resources */,
			);
			buildRules = (
			);
			dependencies = (
			);
			name = SecondTrySwift;
			productName = SecondTrySwift;
			productReference = 9A1BA7AE198F636400D74012 /* SecondTrySwift.app */;
			productType = "com.apple.product-type.application";
		};
		9A1BA7BF198F636500D74012 /* SecondTrySwiftTests */ = {
			isa = PBXNativeTarget;
			buildConfigurationList = 9A1BA7CD198F636500D74012 /* Build configuration list for PBXNativeTarget "SecondTrySwiftTests" */;
			buildPhases = (
				9A1BA7BC198F636500D74012 /* Sources */,
				9A1BA7BD198F636500D74012 /* Frameworks */,
				9A1BA7BE198F636500D74012 /* Resources */,
			);
			buildRules = (
			);
			dependencies = (
				9A1BA7C2198F636500D74012 /* PBXTargetDependency */,
			);
			name = SecondTrySwiftTests;
			productName = SecondTrySwiftTests;
			productReference = 9A1BA7C0198F636500D74012 /* SecondTrySwiftTests.xctest */;
			productType = "com.apple.product-type.bundle.unit-test";
		};
/* End PBXNativeTarget section */

/* Begin PBXProject section */
		9A1BA7A6198F636400D74012 /* Project object */ = {
			isa = PBXProject;
			attributes = {
				LastUpgradeCheck = 0600;
				ORGANIZATIONNAME = "Gökhan Çokkeçeci";
				TargetAttributes = {
					9A1BA7AD198F636400D74012 = {
						CreatedOnToolsVersion = 6.0;
					};
					9A1BA7BF198F636500D74012 = {
						CreatedOnToolsVersion = 6.0;
						TestTargetID = 9A1BA7AD198F636400D74012;
					};
				};
			};
			buildConfigurationList = 9A1BA7A9198F636400D74012 /* Build configuration list for PBXProject "SecondTrySwift" */;
			compatibilityVersion = "Xcode 3.2";
			developmentRegion = English;
			hasScannedForEncodings = 0;
			knownRegions = (
				en,
				Base,
			);
			mainGroup = 9A1BA7A5198F636400D74012;
			productRefGroup = 9A1BA7AF198F636400D74012 /* Products */;
			projectDirPath = "";
			projectRoot = "";
			targets = (
				9A1BA7AD198F636400D74012 /* SecondTrySwift */,
				9A1BA7BF198F636500D74012 /* SecondTrySwiftTests */,
			);
		};
/* End PBXProject section */

/* Begin PBXResourcesBuildPhase section */
		9A1BA7AC198F636400D74012 /* Resources */ = {
			isa = PBXResourcesBuildPhase;
			buildActionMask = 2147483647;
			files = (
				9A1BA7B9198F636500D74012 /* Main.storyboard in Resources */,
				9A1BA7BB198F636500D74012 /* Images.xcassets in Resources */,
			);
			runOnlyForDeploymentPostprocessing = 0;
		};
		9A1BA7BE198F636500D74012 /* Resources */ = {
			isa = PBXResourcesBuildPhase;
			buildActionMask = 2147483647;
			files = (
			);
			runOnlyForDeploymentPostprocessing = 0;
		};
/* End PBXResourcesBuildPhase section */

/* Begin PBXSourcesBuildPhase section */
		9A1BA7AA198F636400D74012 /* Sources */ = {
			isa = PBXSourcesBuildPhase;
			buildActionMask = 2147483647;
			files = (
				9A1BA7B6198F636500D74012 /* ViewController.swift in Sources */,
				9A1BA7B4198F636500D74012 /* AppDelegate.swift in Sources */,
			);
			runOnlyForDeploymentPostprocessing = 0;
		};
		9A1BA7BC198F636500D74012 /* Sources */ = {
			isa = PBXSourcesBuildPhase;
			buildActionMask = 2147483647;
			files = (
				9A1BA7C7198F636500D74012 /* SecondTrySwiftTests.swift in Sources */,
			);
			runOnlyForDeploymentPostprocessing = 0;
		};
/* End PBXSourcesBuildPhase section */

/* Begin PBXTargetDependency section */
		9A1BA7C2198F636500D74012 /* PBXTargetDependency */ = {
			isa = PBXTargetDependency;
			target = 9A1BA7AD198F636400D74012 /* SecondTrySwift */;
			targetProxy = 9A1BA7C1198F636500D74012 /* PBXContainerItemProxy */;
		};
/* End PBXTargetDependency section */

/* Begin PBXVariantGroup section */
		9A1BA7B7198F636500D74012 /* Main.storyboard */ = {
			isa = PBXVariantGroup;
			children = (
				9A1BA7B8198F636500D74012 /* Base */,
			);
			name = Main.storyboard;
			sourceTree = "<group>";
		};
/* End PBXVariantGroup section */

/* Begin XCBuildConfiguration section */
		9A1BA7C8198F636500D74012 /* Debug */ = {
			isa = XCBuildConfiguration;
			buildSettings = {
				ALWAYS_SEARCH_USER_PATHS = NO;
				CLANG_CXX_LANGUAGE_STANDARD = "gnu++0x";
				CLANG_CXX_LIBRARY = "libc++";
				CLANG_ENABLE_MODULES = YES;
				CLANG_ENABLE_OBJC_ARC = YES;
				CLANG_WARN_BOOL_CONVERSION = YES;
				CLANG_WARN_CONSTANT_CONVERSION = YES;
				CLANG_WARN_DIRECT_OBJC_ISA_USAGE = YES_ERROR;
				CLANG_WARN_EMPTY_BODY = YES;
				CLANG_WARN_ENUM_CONVERSION = YES;
				CLANG_WARN_INT_CONVERSION = YES;
				CLANG_WARN_OBJC_ROOT_CLASS = YES_ERROR;
				CLANG_WARN_UNREACHABLE_CODE = YES;
				CLANG_WARN__DUPLICATE_METHOD_MATCH = YES;
				"CODE_SIGN_IDENTITY[sdk=iphoneos*]" = "iPhone Developer";
				COPY_PHASE_STRIP = NO;
				ENABLE_STRICT_OBJC_MSGSEND = YES;
				GCC_C_LANGUAGE_STANDARD = gnu99;
				GCC_DYNAMIC_NO_PIC = NO;
				GCC_OPTIMIZATION_LEVEL = 0;
				GCC_PREPROCESSOR_DEFINITIONS = (
					"DEBUG=1",
					"$(inherited)",
				);
				GCC_SYMBOLS_PRIVATE_EXTERN = NO;
				GCC_WARN_64_TO_32_BIT_CONVERSION = YES;
				GCC_WARN_ABOUT_RETURN_TYPE = YES_ERROR;
				GCC_WARN_UNDECLARED_SELECTOR = YES;
				GCC_WARN_UNINITIALIZED_AUTOS = YES_AGGRESSIVE;
				GCC_WARN_UNUSED_FUNCTION = YES;
				GCC_WARN_UNUSED_VARIABLE = YES;
				IPHONEOS_DEPLOYMENT_TARGET = 8.0;
				MTL_ENABLE_DEBUG_INFO = YES;
				ONLY_ACTIVE_ARCH = YES;
				SDKROOT = iphoneos;
				SWIFT_OPTIMIZATION_LEVEL = "-Onone";
			};
			name = Debug;
		};
		9A1BA7C9198F636500D74012 /* Release */ = {
			isa = XCBuildConfiguration;
			buildSettings = {
				ALWAYS_SEARCH_USER_PATHS = NO;
				CLANG_CXX_LANGUAGE_STANDARD = "gnu++0x";
				CLANG_CXX_LIBRARY = "libc++";
				CLANG_ENABLE_MODULES = YES;
				CLANG_ENABLE_OBJC_ARC = YES;
				CLANG_WARN_BOOL_CONVERSION = YES;
				CLANG_WARN_CONSTANT_CONVERSION = YES;
				CLANG_WARN_DIRECT_OBJC_ISA_USAGE = YES_ERROR;
				CLANG_WARN_EMPTY_BODY = YES;
				CLANG_WARN_ENUM_CONVERSION = YES;
				CLANG_WARN_INT_CONVERSION = YES;
				CLANG_WARN_OBJC_ROOT_CLASS = YES_ERROR;
				CLANG_WARN_UNREACHABLE_CODE = YES;
				CLANG_WARN__DUPLICATE_METHOD_MATCH = YES;
				"CODE_SIGN_IDENTITY[sdk=iphoneos*]" = "iPhone Developer";
				COPY_PHASE_STRIP = YES;
				ENABLE_NS_ASSERTIONS = NO;
				ENABLE_STRICT_OBJC_MSGSEND = YES;
				GCC_C_LANGUAGE_STANDARD = gnu99;
				GCC_WARN_64_TO_32_BIT_CONVERSION = YES;
				GCC_WARN_ABOUT_RETURN_TYPE = YES_ERROR;
				GCC_WARN_UNDECLARED_SELECTOR = YES;
				GCC_WARN_UNINITIALIZED_AUTOS = YES_AGGRESSIVE;
				GCC_WARN_UNUSED_FUNCTION = YES;
				GCC_WARN_UNUSED_VARIABLE = YES;
				IPHONEOS_DEPLOYMENT_TARGET = 8.0;
				MTL_ENABLE_DEBUG_INFO = NO;
				SDKROOT = iphoneos;
				VALIDATE_PRODUCT = YES;
			};
			name = Release;
		};
		9A1BA7CB198F636500D74012 /* Debug */ = {
			isa = XCBuildConfiguration;
			buildSettings = {
				ASSETCATALOG_COMPILER_APPICON_NAME = AppIcon;
				ASSETCATALOG_COMPILER_LAUNCHIMAGE_NAME = LaunchImage;
				INFOPLIST_FILE = SecondTrySwift/Info.plist;
				LD_RUNPATH_SEARCH_PATHS = "$(inherited) @executable_path/Frameworks";
				PRODUCT_NAME = "$(TARGET_NAME)";
			};
			name = Debug;
		};
		9A1BA7CC198F636500D74012 /* Release */ = {
			isa = XCBuildConfiguration;
			buildSettings = {
				ASSETCATALOG_COMPILER_APPICON_NAME = AppIcon;
				ASSETCATALOG_COMPILER_LAUNCHIMAGE_NAME = LaunchImage;
				INFOPLIST_FILE = SecondTrySwift/Info.plist;
				LD_RUNPATH_SEARCH_PATHS = "$(inherited) @executable_path/Frameworks";
				PRODUCT_NAME = "$(TARGET_NAME)";
			};
			name = Release;
		};
		9A1BA7CE198F636500D74012 /* Debug */ = {
			isa = XCBuildConfiguration;
			buildSettings = {
				BUNDLE_LOADER = "$(BUILT_PRODUCTS_DIR)/SecondTrySwift.app/SecondTrySwift";
				FRAMEWORK_SEARCH_PATHS = (
					"$(SDKROOT)/Developer/Library/Frameworks",
					"$(inherited)",
				);
				GCC_PREPROCESSOR_DEFINITIONS = (
					"DEBUG=1",
					"$(inherited)",
				);
				INFOPLIST_FILE = SecondTrySwiftTests/Info.plist;
				LD_RUNPATH_SEARCH_PATHS = "$(inherited) @executable_path/Frameworks @loader_path/Frameworks";
				PRODUCT_NAME = "$(TARGET_NAME)";
				TEST_HOST = "$(BUNDLE_LOADER)";
			};
			name = Debug;
		};
		9A1BA7CF198F636500D74012 /* Release */ = {
			isa = XCBuildConfiguration;
			buildSettings = {
				BUNDLE_LOADER = "$(BUILT_PRODUCTS_DIR)/SecondTrySwift.app/SecondTrySwift";
				FRAMEWORK_SEARCH_PATHS = (
					"$(SDKROOT)/Developer/Library/Frameworks",
					"$(inherited)",
				);
				INFOPLIST_FILE = SecondTrySwiftTests/Info.plist;
				LD_RUNPATH_SEARCH_PATHS = "$(inherited) @executable_path/Frameworks @loader_path/Frameworks";
				PRODUCT_NAME = "$(TARGET_NAME)";
				TEST_HOST = "$(BUNDLE_LOADER)";
			};
			name = Release;
		};
/* End XCBuildConfiguration section */

/* Begin XCConfigurationList section */
		9A1BA7A9198F636400D74012 /* Build configuration list for PBXProject "SecondTrySwift" */ = {
			isa = XCConfigurationList;
			buildConfigurations = (
				9A1BA7C8198F636500D74012 /* Debug */,
				9A1BA7C9198F636500D74012 /* Release */,
			);
			defaultConfigurationIsVisible = 0;
			defaultConfigurationName = Release;
		};
		9A1BA7CA198F636500D74012 /* Build configuration list for PBXNativeTarget "SecondTrySwift" */ = {
			isa = XCConfigurationList;
			buildConfigurations = (
				9A1BA7CB198F636500D74012 /* Debug */,
				9A1BA7CC198F636500D74012 /* Release */,
			);
			defaultConfigurationIsVisible = 0;
		};
		9A1BA7CD198F636500D74012 /* Build configuration list for PBXNativeTarget "SecondTrySwiftTests" */ = {
			isa = XCConfigurationList;
			buildConfigurations = (
				9A1BA7CE198F636500D74012 /* Debug */,
				9A1BA7CF198F636500D74012 /* Release */,
			);
			defaultConfigurationIsVisible = 0;
		};
/* End XCConfigurationList section */
	};
	rootObject = 9A1BA7A6198F636400D74012 /* Project object */;
}
